// !$*UTF8*$!
{
	archiveVersion = 1;
	classes = {
	};
	objectVersion = 56;
	objects = {

/* Begin PBXBuildFile section */
		564361292BCBE7DE002F102B /* AppDelegate.swift in Sources */ = {isa = PBXBuildFile; fileRef = 564361282BCBE7DE002F102B /* AppDelegate.swift */; };
		5643612B2BCBE7DE002F102B /* SceneDelegate.swift in Sources */ = {isa = PBXBuildFile; fileRef = 5643612A2BCBE7DE002F102B /* SceneDelegate.swift */; };
		5643612D2BCBE7DE002F102B /* SearchViewController.swift in Sources */ = {isa = PBXBuildFile; fileRef = 5643612C2BCBE7DE002F102B /* SearchViewController.swift */; };
		564361322BCBE7DF002F102B /* Assets.xcassets in Resources */ = {isa = PBXBuildFile; fileRef = 564361312BCBE7DF002F102B /* Assets.xcassets */; };
		564361352BCBE7DF002F102B /* Base in Resources */ = {isa = PBXBuildFile; fileRef = 564361342BCBE7DF002F102B /* Base */; };
		564361422BCBEFD0002F102B /* GFEndpoint.swift in Sources */ = {isa = PBXBuildFile; fileRef = 564361412BCBEFD0002F102B /* GFEndpoint.swift */; };
		564361462BCBEFE2002F102B /* GFService.swift in Sources */ = {isa = PBXBuildFile; fileRef = 564361452BCBEFE2002F102B /* GFService.swift */; };
		564361482BCC14AD002F102B /* Follower.swift in Sources */ = {isa = PBXBuildFile; fileRef = 564361472BCC14AD002F102B /* Follower.swift */; };
		5643614A2BCC14C3002F102B /* User.swift in Sources */ = {isa = PBXBuildFile; fileRef = 564361492BCC14C3002F102B /* User.swift */; };
		5643614C2BCC1963002F102B /* GFNetworkError.swift in Sources */ = {isa = PBXBuildFile; fileRef = 5643614B2BCC1963002F102B /* GFNetworkError.swift */; };
		564361532BCC1BBC002F102B /* SnapKit in Frameworks */ = {isa = PBXBuildFile; productRef = 564361522BCC1BBC002F102B /* SnapKit */; };
		564361552BCC1BBC002F102B /* SnapKit-Dynamic in Frameworks */ = {isa = PBXBuildFile; productRef = 564361542BCC1BBC002F102B /* SnapKit-Dynamic */; };
		564361582BCC2DDF002F102B /* GFAlertViewController.swift in Sources */ = {isa = PBXBuildFile; fileRef = 564361572BCC2DDF002F102B /* GFAlertViewController.swift */; };
		5643615B2BCC300A002F102B /* UIViewController+Extension.swift in Sources */ = {isa = PBXBuildFile; fileRef = 5643615A2BCC300A002F102B /* UIViewController+Extension.swift */; };
		5643615E2BCC36E9002F102B /* FollowerListViewController.swift in Sources */ = {isa = PBXBuildFile; fileRef = 5643615D2BCC36E9002F102B /* FollowerListViewController.swift */; };
		564361612BCC3D8C002F102B /* MainTabbarController.swift in Sources */ = {isa = PBXBuildFile; fileRef = 564361602BCC3D8C002F102B /* MainTabbarController.swift */; };
		564361642BCC3F4C002F102B /* FavoritesViewController.swift in Sources */ = {isa = PBXBuildFile; fileRef = 564361632BCC3F4C002F102B /* FavoritesViewController.swift */; };
		564361672BCC441E002F102B /* FollowerListViewModel.swift in Sources */ = {isa = PBXBuildFile; fileRef = 564361662BCC441E002F102B /* FollowerListViewModel.swift */; };
		564361692BCC4612002F102B /* UIView+Extension.swift in Sources */ = {isa = PBXBuildFile; fileRef = 564361682BCC4612002F102B /* UIView+Extension.swift */; };
		5643616C2BCC5152002F102B /* UIHelpers.swift in Sources */ = {isa = PBXBuildFile; fileRef = 5643616B2BCC5152002F102B /* UIHelpers.swift */; };
		5643616F2BCC51D3002F102B /* FollowerCollectionViewCell.swift in Sources */ = {isa = PBXBuildFile; fileRef = 5643616E2BCC51D3002F102B /* FollowerCollectionViewCell.swift */; };
		564361722BCC7F3A002F102B /* Kingfisher in Frameworks */ = {isa = PBXBuildFile; productRef = 564361712BCC7F3A002F102B /* Kingfisher */; };
		564361762BCC88E2002F102B /* UserDetailViewController.swift in Sources */ = {isa = PBXBuildFile; fileRef = 564361752BCC88E2002F102B /* UserDetailViewController.swift */; };
		564361782BCC8BA1002F102B /* UserDetailViewModel.swift in Sources */ = {isa = PBXBuildFile; fileRef = 564361772BCC8BA1002F102B /* UserDetailViewModel.swift */; };
/* End PBXBuildFile section */

/* Begin PBXFileReference section */
		564361252BCBE7DE002F102B /* GithubFollowers.app */ = {isa = PBXFileReference; explicitFileType = wrapper.application; includeInIndex = 0; path = GithubFollowers.app; sourceTree = BUILT_PRODUCTS_DIR; };
		564361282BCBE7DE002F102B /* AppDelegate.swift */ = {isa = PBXFileReference; lastKnownFileType = sourcecode.swift; path = AppDelegate.swift; sourceTree = "<group>"; };
		5643612A2BCBE7DE002F102B /* SceneDelegate.swift */ = {isa = PBXFileReference; lastKnownFileType = sourcecode.swift; path = SceneDelegate.swift; sourceTree = "<group>"; };
		5643612C2BCBE7DE002F102B /* SearchViewController.swift */ = {isa = PBXFileReference; lastKnownFileType = sourcecode.swift; path = SearchViewController.swift; sourceTree = "<group>"; };
		564361312BCBE7DF002F102B /* Assets.xcassets */ = {isa = PBXFileReference; lastKnownFileType = folder.assetcatalog; path = Assets.xcassets; sourceTree = "<group>"; };
		564361342BCBE7DF002F102B /* Base */ = {isa = PBXFileReference; lastKnownFileType = file.storyboard; name = Base; path = Base.lproj/LaunchScreen.storyboard; sourceTree = "<group>"; };
		564361362BCBE7DF002F102B /* Info.plist */ = {isa = PBXFileReference; lastKnownFileType = text.plist.xml; path = Info.plist; sourceTree = "<group>"; };
		564361412BCBEFD0002F102B /* GFEndpoint.swift */ = {isa = PBXFileReference; lastKnownFileType = sourcecode.swift; path = GFEndpoint.swift; sourceTree = "<group>"; };
		564361452BCBEFE2002F102B /* GFService.swift */ = {isa = PBXFileReference; lastKnownFileType = sourcecode.swift; path = GFService.swift; sourceTree = "<group>"; };
		564361472BCC14AD002F102B /* Follower.swift */ = {isa = PBXFileReference; lastKnownFileType = sourcecode.swift; path = Follower.swift; sourceTree = "<group>"; };
		564361492BCC14C3002F102B /* User.swift */ = {isa = PBXFileReference; lastKnownFileType = sourcecode.swift; path = User.swift; sourceTree = "<group>"; };
		5643614B2BCC1963002F102B /* GFNetworkError.swift */ = {isa = PBXFileReference; lastKnownFileType = sourcecode.swift; path = GFNetworkError.swift; sourceTree = "<group>"; };
		564361572BCC2DDF002F102B /* GFAlertViewController.swift */ = {isa = PBXFileReference; lastKnownFileType = sourcecode.swift; path = GFAlertViewController.swift; sourceTree = "<group>"; };
		5643615A2BCC300A002F102B /* UIViewController+Extension.swift */ = {isa = PBXFileReference; lastKnownFileType = sourcecode.swift; path = "UIViewController+Extension.swift"; sourceTree = "<group>"; };
		5643615D2BCC36E9002F102B /* FollowerListViewController.swift */ = {isa = PBXFileReference; lastKnownFileType = sourcecode.swift; path = FollowerListViewController.swift; sourceTree = "<group>"; };
		564361602BCC3D8C002F102B /* MainTabbarController.swift */ = {isa = PBXFileReference; lastKnownFileType = sourcecode.swift; path = MainTabbarController.swift; sourceTree = "<group>"; };
		564361632BCC3F4C002F102B /* FavoritesViewController.swift */ = {isa = PBXFileReference; lastKnownFileType = sourcecode.swift; path = FavoritesViewController.swift; sourceTree = "<group>"; };
		564361662BCC441E002F102B /* FollowerListViewModel.swift */ = {isa = PBXFileReference; lastKnownFileType = sourcecode.swift; path = FollowerListViewModel.swift; sourceTree = "<group>"; };
		564361682BCC4612002F102B /* UIView+Extension.swift */ = {isa = PBXFileReference; lastKnownFileType = sourcecode.swift; path = "UIView+Extension.swift"; sourceTree = "<group>"; };
		5643616B2BCC5152002F102B /* UIHelpers.swift */ = {isa = PBXFileReference; lastKnownFileType = sourcecode.swift; path = UIHelpers.swift; sourceTree = "<group>"; };
		5643616E2BCC51D3002F102B /* FollowerCollectionViewCell.swift */ = {isa = PBXFileReference; lastKnownFileType = sourcecode.swift; path = FollowerCollectionViewCell.swift; sourceTree = "<group>"; };
		564361752BCC88E2002F102B /* UserDetailViewController.swift */ = {isa = PBXFileReference; lastKnownFileType = sourcecode.swift; path = UserDetailViewController.swift; sourceTree = "<group>"; };
		564361772BCC8BA1002F102B /* UserDetailViewModel.swift */ = {isa = PBXFileReference; lastKnownFileType = sourcecode.swift; path = UserDetailViewModel.swift; sourceTree = "<group>"; };
/* End PBXFileReference section */

/* Begin PBXFrameworksBuildPhase section */
		564361222BCBE7DE002F102B /* Frameworks */ = {
			isa = PBXFrameworksBuildPhase;
			buildActionMask = 2147483647;
			files = (
				564361722BCC7F3A002F102B /* Kingfisher in Frameworks */,
				564361532BCC1BBC002F102B /* SnapKit in Frameworks */,
				564361552BCC1BBC002F102B /* SnapKit-Dynamic in Frameworks */,
			);
			runOnlyForDeploymentPostprocessing = 0;
		};
/* End PBXFrameworksBuildPhase section */

/* Begin PBXGroup section */
		5643611C2BCBE7DE002F102B = {
			isa = PBXGroup;
			children = (
				564361272BCBE7DE002F102B /* GithubFollowers */,
				564361262BCBE7DE002F102B /* Products */,
			);
			sourceTree = "<group>";
		};
		564361262BCBE7DE002F102B /* Products */ = {
			isa = PBXGroup;
			children = (
				564361252BCBE7DE002F102B /* GithubFollowers.app */,
			);
			name = Products;
			sourceTree = "<group>";
		};
		564361272BCBE7DE002F102B /* GithubFollowers */ = {
			isa = PBXGroup;
			children = (
				5643616A2BCC5141002F102B /* Utilities */,
				564361562BCC2DC9002F102B /* CustomViews */,
				564361592BCC2FFA002F102B /* Extension */,
				5643613E2BCBEEF6002F102B /* Manager */,
				5643613F2BCBEF01002F102B /* Model */,
				5643613D2BCBEEDE002F102B /* Screen */,
				5643613C2BCBE7E6002F102B /* Support */,
			);
			path = GithubFollowers;
			sourceTree = "<group>";
		};
		5643613C2BCBE7E6002F102B /* Support */ = {
			isa = PBXGroup;
			children = (
				564361282BCBE7DE002F102B /* AppDelegate.swift */,
				5643612A2BCBE7DE002F102B /* SceneDelegate.swift */,
				564361312BCBE7DF002F102B /* Assets.xcassets */,
				564361332BCBE7DF002F102B /* LaunchScreen.storyboard */,
				564361362BCBE7DF002F102B /* Info.plist */,
			);
			path = Support;
			sourceTree = "<group>";
		};
		5643613D2BCBEEDE002F102B /* Screen */ = {
			isa = PBXGroup;
			children = (
				564361742BCC88CD002F102B /* UserDetail */,
				564361622BCC3F3D002F102B /* Favorites */,
				5643615C2BCC36D7002F102B /* FollowerList */,
				5643615F2BCC3D6E002F102B /* MainTabbar */,
				5643614E2BCC1A76002F102B /* Search */,
			);
			path = Screen;
			sourceTree = "<group>";
		};
		5643613E2BCBEEF6002F102B /* Manager */ = {
			isa = PBXGroup;
			children = (
				564361402BCBEF6C002F102B /* NetworkManager */,
			);
			path = Manager;
			sourceTree = "<group>";
		};
		5643613F2BCBEF01002F102B /* Model */ = {
			isa = PBXGroup;
			children = (
				564361472BCC14AD002F102B /* Follower.swift */,
				564361492BCC14C3002F102B /* User.swift */,
			);
			path = Model;
			sourceTree = "<group>";
		};
		564361402BCBEF6C002F102B /* NetworkManager */ = {
			isa = PBXGroup;
			children = (
				564361412BCBEFD0002F102B /* GFEndpoint.swift */,
				5643614B2BCC1963002F102B /* GFNetworkError.swift */,
				564361452BCBEFE2002F102B /* GFService.swift */,
			);
			path = NetworkManager;
			sourceTree = "<group>";
		};
		5643614E2BCC1A76002F102B /* Search */ = {
			isa = PBXGroup;
			children = (
				5643612C2BCBE7DE002F102B /* SearchViewController.swift */,
			);
			path = Search;
			sourceTree = "<group>";
		};
		564361562BCC2DC9002F102B /* CustomViews */ = {
			isa = PBXGroup;
			children = (
				564361572BCC2DDF002F102B /* GFAlertViewController.swift */,
			);
			path = CustomViews;
			sourceTree = "<group>";
		};
		564361592BCC2FFA002F102B /* Extension */ = {
			isa = PBXGroup;
			children = (
				5643615A2BCC300A002F102B /* UIViewController+Extension.swift */,
				564361682BCC4612002F102B /* UIView+Extension.swift */,
			);
			path = Extension;
			sourceTree = "<group>";
		};
		5643615C2BCC36D7002F102B /* FollowerList */ = {
			isa = PBXGroup;
			children = (
				5643616D2BCC51C4002F102B /* Cell */,
				5643615D2BCC36E9002F102B /* FollowerListViewController.swift */,
				564361662BCC441E002F102B /* FollowerListViewModel.swift */,
			);
			path = FollowerList;
			sourceTree = "<group>";
		};
		5643615F2BCC3D6E002F102B /* MainTabbar */ = {
			isa = PBXGroup;
			children = (
				564361602BCC3D8C002F102B /* MainTabbarController.swift */,
			);
			path = MainTabbar;
			sourceTree = "<group>";
		};
		564361622BCC3F3D002F102B /* Favorites */ = {
			isa = PBXGroup;
			children = (
				564361632BCC3F4C002F102B /* FavoritesViewController.swift */,
			);
			path = Favorites;
			sourceTree = "<group>";
		};
		5643616A2BCC5141002F102B /* Utilities */ = {
			isa = PBXGroup;
			children = (
				5643616B2BCC5152002F102B /* UIHelpers.swift */,
			);
			path = Utilities;
			sourceTree = "<group>";
		};
		5643616D2BCC51C4002F102B /* Cell */ = {
			isa = PBXGroup;
			children = (
				5643616E2BCC51D3002F102B /* FollowerCollectionViewCell.swift */,
			);
			path = Cell;
			sourceTree = "<group>";
		};
		564361742BCC88CD002F102B /* UserDetail */ = {
			isa = PBXGroup;
			children = (
				564361752BCC88E2002F102B /* UserDetailViewController.swift */,
				564361772BCC8BA1002F102B /* UserDetailViewModel.swift */,
			);
			path = UserDetail;
			sourceTree = "<group>";
		};
/* End PBXGroup section */

/* Begin PBXNativeTarget section */
		564361242BCBE7DE002F102B /* GithubFollowers */ = {
			isa = PBXNativeTarget;
			buildConfigurationList = 564361392BCBE7DF002F102B /* Build configuration list for PBXNativeTarget "GithubFollowers" */;
			buildPhases = (
				564361212BCBE7DE002F102B /* Sources */,
				564361222BCBE7DE002F102B /* Frameworks */,
				564361232BCBE7DE002F102B /* Resources */,
			);
			buildRules = (
			);
			dependencies = (
			);
			name = GithubFollowers;
			packageProductDependencies = (
				564361522BCC1BBC002F102B /* SnapKit */,
				564361542BCC1BBC002F102B /* SnapKit-Dynamic */,
				564361712BCC7F3A002F102B /* Kingfisher */,
			);
			productName = GithubFollowers;
			productReference = 564361252BCBE7DE002F102B /* GithubFollowers.app */;
			productType = "com.apple.product-type.application";
		};
/* End PBXNativeTarget section */

/* Begin PBXProject section */
		5643611D2BCBE7DE002F102B /* Project object */ = {
			isa = PBXProject;
			attributes = {
				BuildIndependentTargetsInParallel = 1;
				LastSwiftUpdateCheck = 1530;
				LastUpgradeCheck = 1530;
				TargetAttributes = {
					564361242BCBE7DE002F102B = {
						CreatedOnToolsVersion = 15.3;
					};
				};
			};
			buildConfigurationList = 564361202BCBE7DE002F102B /* Build configuration list for PBXProject "GithubFollowers" */;
			compatibilityVersion = "Xcode 14.0";
			developmentRegion = en;
			hasScannedForEncodings = 0;
			knownRegions = (
				en,
				Base,
			);
			mainGroup = 5643611C2BCBE7DE002F102B;
			packageReferences = (
				564361512BCC1BBC002F102B /* XCRemoteSwiftPackageReference "SnapKit" */,
				564361702BCC7F39002F102B /* XCRemoteSwiftPackageReference "Kingfisher" */,
			);
			productRefGroup = 564361262BCBE7DE002F102B /* Products */;
			projectDirPath = "";
			projectRoot = "";
			targets = (
				564361242BCBE7DE002F102B /* GithubFollowers */,
			);
		};
/* End PBXProject section */

/* Begin PBXResourcesBuildPhase section */
		564361232BCBE7DE002F102B /* Resources */ = {
			isa = PBXResourcesBuildPhase;
			buildActionMask = 2147483647;
			files = (
				564361322BCBE7DF002F102B /* Assets.xcassets in Resources */,
				564361352BCBE7DF002F102B /* Base in Resources */,
			);
			runOnlyForDeploymentPostprocessing = 0;
		};
/* End PBXResourcesBuildPhase section */

/* Begin PBXSourcesBuildPhase section */
		564361212BCBE7DE002F102B /* Sources */ = {
			isa = PBXSourcesBuildPhase;
			buildActionMask = 2147483647;
			files = (
				564361642BCC3F4C002F102B /* FavoritesViewController.swift in Sources */,
				564361582BCC2DDF002F102B /* GFAlertViewController.swift in Sources */,
				564361762BCC88E2002F102B /* UserDetailViewController.swift in Sources */,
				5643615B2BCC300A002F102B /* UIViewController+Extension.swift in Sources */,
				564361692BCC4612002F102B /* UIView+Extension.swift in Sources */,
				564361612BCC3D8C002F102B /* MainTabbarController.swift in Sources */,
				5643614C2BCC1963002F102B /* GFNetworkError.swift in Sources */,
				564361782BCC8BA1002F102B /* UserDetailViewModel.swift in Sources */,
				5643615E2BCC36E9002F102B /* FollowerListViewController.swift in Sources */,
				5643612D2BCBE7DE002F102B /* SearchViewController.swift in Sources */,
				5643616F2BCC51D3002F102B /* FollowerCollectionViewCell.swift in Sources */,
				564361482BCC14AD002F102B /* Follower.swift in Sources */,
				564361422BCBEFD0002F102B /* GFEndpoint.swift in Sources */,
				564361292BCBE7DE002F102B /* AppDelegate.swift in Sources */,
				5643616C2BCC5152002F102B /* UIHelpers.swift in Sources */,
				564361462BCBEFE2002F102B /* GFService.swift in Sources */,
				5643612B2BCBE7DE002F102B /* SceneDelegate.swift in Sources */,
				564361672BCC441E002F102B /* FollowerListViewModel.swift in Sources */,
				5643614A2BCC14C3002F102B /* User.swift in Sources */,
			);
			runOnlyForDeploymentPostprocessing = 0;
		};
/* End PBXSourcesBuildPhase section */

/* Begin PBXVariantGroup section */
		564361332BCBE7DF002F102B /* LaunchScreen.storyboard */ = {
			isa = PBXVariantGroup;
			children = (
				564361342BCBE7DF002F102B /* Base */,
			);
			name = LaunchScreen.storyboard;
			sourceTree = "<group>";
		};
/* End PBXVariantGroup section */

/* Begin XCBuildConfiguration section */
		564361372BCBE7DF002F102B /* Debug */ = {
			isa = XCBuildConfiguration;
			buildSettings = {
				ALWAYS_SEARCH_USER_PATHS = NO;
				ASSETCATALOG_COMPILER_GENERATE_SWIFT_ASSET_SYMBOL_EXTENSIONS = YES;
				CLANG_ANALYZER_NONNULL = YES;
				CLANG_ANALYZER_NUMBER_OBJECT_CONVERSION = YES_AGGRESSIVE;
				CLANG_CXX_LANGUAGE_STANDARD = "gnu++20";
				CLANG_ENABLE_MODULES = YES;
				CLANG_ENABLE_OBJC_ARC = YES;
				CLANG_ENABLE_OBJC_WEAK = YES;
				CLANG_WARN_BLOCK_CAPTURE_AUTORELEASING = YES;
				CLANG_WARN_BOOL_CONVERSION = YES;
				CLANG_WARN_COMMA = YES;
				CLANG_WARN_CONSTANT_CONVERSION = YES;
				CLANG_WARN_DEPRECATED_OBJC_IMPLEMENTATIONS = YES;
				CLANG_WARN_DIRECT_OBJC_ISA_USAGE = YES_ERROR;
				CLANG_WARN_DOCUMENTATION_COMMENTS = YES;
				CLANG_WARN_EMPTY_BODY = YES;
				CLANG_WARN_ENUM_CONVERSION = YES;
				CLANG_WARN_INFINITE_RECURSION = YES;
				CLANG_WARN_INT_CONVERSION = YES;
				CLANG_WARN_NON_LITERAL_NULL_CONVERSION = YES;
				CLANG_WARN_OBJC_IMPLICIT_RETAIN_SELF = YES;
				CLANG_WARN_OBJC_LITERAL_CONVERSION = YES;
				CLANG_WARN_OBJC_ROOT_CLASS = YES_ERROR;
				CLANG_WARN_QUOTED_INCLUDE_IN_FRAMEWORK_HEADER = YES;
				CLANG_WARN_RANGE_LOOP_ANALYSIS = YES;
				CLANG_WARN_STRICT_PROTOTYPES = YES;
				CLANG_WARN_SUSPICIOUS_MOVE = YES;
				CLANG_WARN_UNGUARDED_AVAILABILITY = YES_AGGRESSIVE;
				CLANG_WARN_UNREACHABLE_CODE = YES;
				CLANG_WARN__DUPLICATE_METHOD_MATCH = YES;
				COPY_PHASE_STRIP = NO;
				DEBUG_INFORMATION_FORMAT = dwarf;
				ENABLE_STRICT_OBJC_MSGSEND = YES;
				ENABLE_TESTABILITY = YES;
				ENABLE_USER_SCRIPT_SANDBOXING = YES;
				GCC_C_LANGUAGE_STANDARD = gnu17;
				GCC_DYNAMIC_NO_PIC = NO;
				GCC_NO_COMMON_BLOCKS = YES;
				GCC_OPTIMIZATION_LEVEL = 0;
				GCC_PREPROCESSOR_DEFINITIONS = (
					"DEBUG=1",
					"$(inherited)",
				);
				GCC_WARN_64_TO_32_BIT_CONVERSION = YES;
				GCC_WARN_ABOUT_RETURN_TYPE = YES_ERROR;
				GCC_WARN_UNDECLARED_SELECTOR = YES;
				GCC_WARN_UNINITIALIZED_AUTOS = YES_AGGRESSIVE;
				GCC_WARN_UNUSED_FUNCTION = YES;
				GCC_WARN_UNUSED_VARIABLE = YES;
				IPHONEOS_DEPLOYMENT_TARGET = 17.4;
				LOCALIZATION_PREFERS_STRING_CATALOGS = YES;
				MTL_ENABLE_DEBUG_INFO = INCLUDE_SOURCE;
				MTL_FAST_MATH = YES;
				ONLY_ACTIVE_ARCH = YES;
				SDKROOT = iphoneos;
				SWIFT_ACTIVE_COMPILATION_CONDITIONS = "DEBUG $(inherited)";
				SWIFT_OPTIMIZATION_LEVEL = "-Onone";
			};
			name = Debug;
		};
		564361382BCBE7DF002F102B /* Release */ = {
			isa = XCBuildConfiguration;
			buildSettings = {
				ALWAYS_SEARCH_USER_PATHS = NO;
				ASSETCATALOG_COMPILER_GENERATE_SWIFT_ASSET_SYMBOL_EXTENSIONS = YES;
				CLANG_ANALYZER_NONNULL = YES;
				CLANG_ANALYZER_NUMBER_OBJECT_CONVERSION = YES_AGGRESSIVE;
				CLANG_CXX_LANGUAGE_STANDARD = "gnu++20";
				CLANG_ENABLE_MODULES = YES;
				CLANG_ENABLE_OBJC_ARC = YES;
				CLANG_ENABLE_OBJC_WEAK = YES;
				CLANG_WARN_BLOCK_CAPTURE_AUTORELEASING = YES;
				CLANG_WARN_BOOL_CONVERSION = YES;
				CLANG_WARN_COMMA = YES;
				CLANG_WARN_CONSTANT_CONVERSION = YES;
				CLANG_WARN_DEPRECATED_OBJC_IMPLEMENTATIONS = YES;
				CLANG_WARN_DIRECT_OBJC_ISA_USAGE = YES_ERROR;
				CLANG_WARN_DOCUMENTATION_COMMENTS = YES;
				CLANG_WARN_EMPTY_BODY = YES;
				CLANG_WARN_ENUM_CONVERSION = YES;
				CLANG_WARN_INFINITE_RECURSION = YES;
				CLANG_WARN_INT_CONVERSION = YES;
				CLANG_WARN_NON_LITERAL_NULL_CONVERSION = YES;
				CLANG_WARN_OBJC_IMPLICIT_RETAIN_SELF = YES;
				CLANG_WARN_OBJC_LITERAL_CONVERSION = YES;
				CLANG_WARN_OBJC_ROOT_CLASS = YES_ERROR;
				CLANG_WARN_QUOTED_INCLUDE_IN_FRAMEWORK_HEADER = YES;
				CLANG_WARN_RANGE_LOOP_ANALYSIS = YES;
				CLANG_WARN_STRICT_PROTOTYPES = YES;
				CLANG_WARN_SUSPICIOUS_MOVE = YES;
				CLANG_WARN_UNGUARDED_AVAILABILITY = YES_AGGRESSIVE;
				CLANG_WARN_UNREACHABLE_CODE = YES;
				CLANG_WARN__DUPLICATE_METHOD_MATCH = YES;
				COPY_PHASE_STRIP = NO;
				DEBUG_INFORMATION_FORMAT = "dwarf-with-dsym";
				ENABLE_NS_ASSERTIONS = NO;
				ENABLE_STRICT_OBJC_MSGSEND = YES;
				ENABLE_USER_SCRIPT_SANDBOXING = YES;
				GCC_C_LANGUAGE_STANDARD = gnu17;
				GCC_NO_COMMON_BLOCKS = YES;
				GCC_WARN_64_TO_32_BIT_CONVERSION = YES;
				GCC_WARN_ABOUT_RETURN_TYPE = YES_ERROR;
				GCC_WARN_UNDECLARED_SELECTOR = YES;
				GCC_WARN_UNINITIALIZED_AUTOS = YES_AGGRESSIVE;
				GCC_WARN_UNUSED_FUNCTION = YES;
				GCC_WARN_UNUSED_VARIABLE = YES;
				IPHONEOS_DEPLOYMENT_TARGET = 17.4;
				LOCALIZATION_PREFERS_STRING_CATALOGS = YES;
				MTL_ENABLE_DEBUG_INFO = NO;
				MTL_FAST_MATH = YES;
				SDKROOT = iphoneos;
				SWIFT_COMPILATION_MODE = wholemodule;
				VALIDATE_PRODUCT = YES;
			};
			name = Release;
		};
		5643613A2BCBE7DF002F102B /* Debug */ = {
			isa = XCBuildConfiguration;
			buildSettings = {
				ASSETCATALOG_COMPILER_APPICON_NAME = AppIcon;
				ASSETCATALOG_COMPILER_GLOBAL_ACCENT_COLOR_NAME = AccentColor;
				CODE_SIGN_STYLE = Automatic;
				CURRENT_PROJECT_VERSION = 1;
				DEVELOPMENT_TEAM = SJ9HXADZ9T;
				GENERATE_INFOPLIST_FILE = YES;
				INFOPLIST_FILE = GithubFollowers/Support/Info.plist;
				INFOPLIST_KEY_LSApplicationCategoryType = "public.app-category.social-networking";
				INFOPLIST_KEY_UIApplicationSupportsIndirectInputEvents = YES;
				INFOPLIST_KEY_UILaunchStoryboardName = LaunchScreen;
				INFOPLIST_KEY_UISupportedInterfaceOrientations = UIInterfaceOrientationPortrait;
				INFOPLIST_KEY_UISupportedInterfaceOrientations_iPad = "UIInterfaceOrientationLandscapeLeft UIInterfaceOrientationLandscapeRight UIInterfaceOrientationPortrait UIInterfaceOrientationPortraitUpsideDown";
				IPHONEOS_DEPLOYMENT_TARGET = 16.0;
				LD_RUNPATH_SEARCH_PATHS = (
					"$(inherited)",
					"@executable_path/Frameworks",
				);
				MARKETING_VERSION = 1.0;
				PRODUCT_BUNDLE_IDENTIFIER = com.MehmetAliOzdemir.GithubFollowers;
				PRODUCT_NAME = "$(TARGET_NAME)";
				SUPPORTED_PLATFORMS = "iphoneos iphonesimulator";
				SUPPORTS_MACCATALYST = NO;
				SUPPORTS_MAC_DESIGNED_FOR_IPHONE_IPAD = NO;
				SUPPORTS_XR_DESIGNED_FOR_IPHONE_IPAD = NO;
				SWIFT_EMIT_LOC_STRINGS = YES;
				SWIFT_VERSION = 5.0;
				TARGETED_DEVICE_FAMILY = 1;
			};
			name = Debug;
		};
		5643613B2BCBE7DF002F102B /* Release */ = {
			isa = XCBuildConfiguration;
			buildSettings = {
				ASSETCATALOG_COMPILER_APPICON_NAME = AppIcon;
				ASSETCATALOG_COMPILER_GLOBAL_ACCENT_COLOR_NAME = AccentColor;
				CODE_SIGN_STYLE = Automatic;
				CURRENT_PROJECT_VERSION = 1;
				DEVELOPMENT_TEAM = SJ9HXADZ9T;
				GENERATE_INFOPLIST_FILE = YES;
				INFOPLIST_FILE = GithubFollowers/Support/Info.plist;
				INFOPLIST_KEY_LSApplicationCategoryType = "public.app-category.social-networking";
				INFOPLIST_KEY_UIApplicationSupportsIndirectInputEvents = YES;
				INFOPLIST_KEY_UILaunchStoryboardName = LaunchScreen;
				INFOPLIST_KEY_UISupportedInterfaceOrientations = UIInterfaceOrientationPortrait;
				INFOPLIST_KEY_UISupportedInterfaceOrientations_iPad = "UIInterfaceOrientationLandscapeLeft UIInterfaceOrientationLandscapeRight UIInterfaceOrientationPortrait UIInterfaceOrientationPortraitUpsideDown";
				IPHONEOS_DEPLOYMENT_TARGET = 16.0;
				LD_RUNPATH_SEARCH_PATHS = (
					"$(inherited)",
					"@executable_path/Frameworks",
				);
				MARKETING_VERSION = 1.0;
				PRODUCT_BUNDLE_IDENTIFIER = com.MehmetAliOzdemir.GithubFollowers;
				PRODUCT_NAME = "$(TARGET_NAME)";
				SUPPORTED_PLATFORMS = "iphoneos iphonesimulator";
				SUPPORTS_MACCATALYST = NO;
				SUPPORTS_MAC_DESIGNED_FOR_IPHONE_IPAD = NO;
				SUPPORTS_XR_DESIGNED_FOR_IPHONE_IPAD = NO;
				SWIFT_EMIT_LOC_STRINGS = YES;
				SWIFT_VERSION = 5.0;
				TARGETED_DEVICE_FAMILY = 1;
			};
			name = Release;
		};
/* End XCBuildConfiguration section */

/* Begin XCConfigurationList section */
		564361202BCBE7DE002F102B /* Build configuration list for PBXProject "GithubFollowers" */ = {
			isa = XCConfigurationList;
			buildConfigurations = (
				564361372BCBE7DF002F102B /* Debug */,
				564361382BCBE7DF002F102B /* Release */,
			);
			defaultConfigurationIsVisible = 0;
			defaultConfigurationName = Release;
		};
		564361392BCBE7DF002F102B /* Build configuration list for PBXNativeTarget "GithubFollowers" */ = {
			isa = XCConfigurationList;
			buildConfigurations = (
				5643613A2BCBE7DF002F102B /* Debug */,
				5643613B2BCBE7DF002F102B /* Release */,
			);
			defaultConfigurationIsVisible = 0;
			defaultConfigurationName = Release;
		};
/* End XCConfigurationList section */

/* Begin XCRemoteSwiftPackageReference section */
		564361512BCC1BBC002F102B /* XCRemoteSwiftPackageReference "SnapKit" */ = {
			isa = XCRemoteSwiftPackageReference;
			repositoryURL = "https://github.com/SnapKit/SnapKit";
			requirement = {
				kind = upToNextMajorVersion;
				minimumVersion = 5.7.1;
			};
		};
		564361702BCC7F39002F102B /* XCRemoteSwiftPackageReference "Kingfisher" */ = {
			isa = XCRemoteSwiftPackageReference;
			repositoryURL = "https://github.com/onevcat/Kingfisher.git";
			requirement = {
				kind = upToNextMajorVersion;
				minimumVersion = 7.11.0;
			};
		};
/* End XCRemoteSwiftPackageReference section */

/* Begin XCSwiftPackageProductDependency section */
		564361522BCC1BBC002F102B /* SnapKit */ = {
			isa = XCSwiftPackageProductDependency;
			package = 564361512BCC1BBC002F102B /* XCRemoteSwiftPackageReference "SnapKit" */;
			productName = SnapKit;
		};
		564361542BCC1BBC002F102B /* SnapKit-Dynamic */ = {
			isa = XCSwiftPackageProductDependency;
			package = 564361512BCC1BBC002F102B /* XCRemoteSwiftPackageReference "SnapKit" */;
			productName = "SnapKit-Dynamic";
		};
		564361712BCC7F3A002F102B /* Kingfisher */ = {
			isa = XCSwiftPackageProductDependency;
			package = 564361702BCC7F39002F102B /* XCRemoteSwiftPackageReference "Kingfisher" */;
			productName = Kingfisher;
		};
/* End XCSwiftPackageProductDependency section */
	};
	rootObject = 5643611D2BCBE7DE002F102B /* Project object */;
}
