// !$*UTF8*$!
{
	archiveVersion = 1;
	classes = {
	};
	objectVersion = 56;
	objects = {

/* Begin PBXBuildFile section */
		566A36462B3845DE00CD9DB1 /* AppDelegate.swift in Sources */ = {isa = PBXBuildFile; fileRef = 566A36452B3845DE00CD9DB1 /* AppDelegate.swift */; };
		566A36482B3845DE00CD9DB1 /* SceneDelegate.swift in Sources */ = {isa = PBXBuildFile; fileRef = 566A36472B3845DE00CD9DB1 /* SceneDelegate.swift */; };
		566A364F2B3845DF00CD9DB1 /* Assets.xcassets in Resources */ = {isa = PBXBuildFile; fileRef = 566A364E2B3845DF00CD9DB1 /* Assets.xcassets */; };
		566A36522B3845DF00CD9DB1 /* LaunchScreen.storyboard in Resources */ = {isa = PBXBuildFile; fileRef = 566A36502B3845DF00CD9DB1 /* LaunchScreen.storyboard */; };
		566A365D2B3845E000CD9DB1 /* GithubFollowersTests.swift in Sources */ = {isa = PBXBuildFile; fileRef = 566A365C2B3845E000CD9DB1 /* GithubFollowersTests.swift */; };
		566A36672B3845E000CD9DB1 /* GithubFollowersUITests.swift in Sources */ = {isa = PBXBuildFile; fileRef = 566A36662B3845E000CD9DB1 /* GithubFollowersUITests.swift */; };
		566A36692B3845E000CD9DB1 /* GithubFollowersUITestsLaunchTests.swift in Sources */ = {isa = PBXBuildFile; fileRef = 566A36682B3845E000CD9DB1 /* GithubFollowersUITestsLaunchTests.swift */; };
		566A367D2B3848F500CD9DB1 /* MainTabbarVC.swift in Sources */ = {isa = PBXBuildFile; fileRef = 566A367C2B3848F500CD9DB1 /* MainTabbarVC.swift */; };
/* End PBXBuildFile section */

/* Begin PBXContainerItemProxy section */
		566A36592B3845E000CD9DB1 /* PBXContainerItemProxy */ = {
			isa = PBXContainerItemProxy;
			containerPortal = 566A363A2B3845DE00CD9DB1 /* Project object */;
			proxyType = 1;
			remoteGlobalIDString = 566A36412B3845DE00CD9DB1;
			remoteInfo = GithubFollowers;
		};
		566A36632B3845E000CD9DB1 /* PBXContainerItemProxy */ = {
			isa = PBXContainerItemProxy;
			containerPortal = 566A363A2B3845DE00CD9DB1 /* Project object */;
			proxyType = 1;
			remoteGlobalIDString = 566A36412B3845DE00CD9DB1;
			remoteInfo = GithubFollowers;
		};
/* End PBXContainerItemProxy section */

/* Begin PBXFileReference section */
		566A36422B3845DE00CD9DB1 /* GithubFollowers.app */ = {isa = PBXFileReference; explicitFileType = wrapper.application; includeInIndex = 0; path = GithubFollowers.app; sourceTree = BUILT_PRODUCTS_DIR; };
		566A36452B3845DE00CD9DB1 /* AppDelegate.swift */ = {isa = PBXFileReference; lastKnownFileType = sourcecode.swift; path = AppDelegate.swift; sourceTree = "<group>"; };
		566A36472B3845DE00CD9DB1 /* SceneDelegate.swift */ = {isa = PBXFileReference; lastKnownFileType = sourcecode.swift; path = SceneDelegate.swift; sourceTree = "<group>"; };
		566A364E2B3845DF00CD9DB1 /* Assets.xcassets */ = {isa = PBXFileReference; lastKnownFileType = folder.assetcatalog; path = Assets.xcassets; sourceTree = "<group>"; };
		566A36512B3845DF00CD9DB1 /* Base */ = {isa = PBXFileReference; lastKnownFileType = file.storyboard; name = Base; path = Base.lproj/LaunchScreen.storyboard; sourceTree = "<group>"; };
		566A36532B3845DF00CD9DB1 /* Info.plist */ = {isa = PBXFileReference; lastKnownFileType = text.plist.xml; path = Info.plist; sourceTree = "<group>"; };
		566A36582B3845E000CD9DB1 /* GithubFollowersTests.xctest */ = {isa = PBXFileReference; explicitFileType = wrapper.cfbundle; includeInIndex = 0; path = GithubFollowersTests.xctest; sourceTree = BUILT_PRODUCTS_DIR; };
		566A365C2B3845E000CD9DB1 /* GithubFollowersTests.swift */ = {isa = PBXFileReference; lastKnownFileType = sourcecode.swift; path = GithubFollowersTests.swift; sourceTree = "<group>"; };
		566A36622B3845E000CD9DB1 /* GithubFollowersUITests.xctest */ = {isa = PBXFileReference; explicitFileType = wrapper.cfbundle; includeInIndex = 0; path = GithubFollowersUITests.xctest; sourceTree = BUILT_PRODUCTS_DIR; };
		566A36662B3845E000CD9DB1 /* GithubFollowersUITests.swift */ = {isa = PBXFileReference; lastKnownFileType = sourcecode.swift; path = GithubFollowersUITests.swift; sourceTree = "<group>"; };
		566A36682B3845E000CD9DB1 /* GithubFollowersUITestsLaunchTests.swift */ = {isa = PBXFileReference; lastKnownFileType = sourcecode.swift; path = GithubFollowersUITestsLaunchTests.swift; sourceTree = "<group>"; };
		566A367C2B3848F500CD9DB1 /* MainTabbarVC.swift */ = {isa = PBXFileReference; lastKnownFileType = sourcecode.swift; path = MainTabbarVC.swift; sourceTree = "<group>"; };
/* End PBXFileReference section */

/* Begin PBXFrameworksBuildPhase section */
		566A363F2B3845DE00CD9DB1 /* Frameworks */ = {
			isa = PBXFrameworksBuildPhase;
			buildActionMask = 2147483647;
			files = (
			);
			runOnlyForDeploymentPostprocessing = 0;
		};
		566A36552B3845E000CD9DB1 /* Frameworks */ = {
			isa = PBXFrameworksBuildPhase;
			buildActionMask = 2147483647;
			files = (
			);
			runOnlyForDeploymentPostprocessing = 0;
		};
		566A365F2B3845E000CD9DB1 /* Frameworks */ = {
			isa = PBXFrameworksBuildPhase;
			buildActionMask = 2147483647;
			files = (
			);
			runOnlyForDeploymentPostprocessing = 0;
		};
/* End PBXFrameworksBuildPhase section */

/* Begin PBXGroup section */
		566A36392B3845DE00CD9DB1 = {
			isa = PBXGroup;
			children = (
				566A36442B3845DE00CD9DB1 /* GithubFollowers */,
				566A365B2B3845E000CD9DB1 /* GithubFollowersTests */,
				566A36652B3845E000CD9DB1 /* GithubFollowersUITests */,
				566A36432B3845DE00CD9DB1 /* Products */,
			);
			sourceTree = "<group>";
		};
		566A36432B3845DE00CD9DB1 /* Products */ = {
			isa = PBXGroup;
			children = (
				566A36422B3845DE00CD9DB1 /* GithubFollowers.app */,
				566A36582B3845E000CD9DB1 /* GithubFollowersTests.xctest */,
				566A36622B3845E000CD9DB1 /* GithubFollowersUITests.xctest */,
			);
			name = Products;
			sourceTree = "<group>";
		};
		566A36442B3845DE00CD9DB1 /* GithubFollowers */ = {
			isa = PBXGroup;
			children = (
				566A36762B3846AF00CD9DB1 /* Feature */,
				566A36782B3846D400CD9DB1 /* Base */,
				566A36772B3846B600CD9DB1 /* Common */,
				566A36752B38466B00CD9DB1 /* Asset */,
			);
			path = GithubFollowers;
			sourceTree = "<group>";
		};
		566A365B2B3845E000CD9DB1 /* GithubFollowersTests */ = {
			isa = PBXGroup;
			children = (
				566A365C2B3845E000CD9DB1 /* GithubFollowersTests.swift */,
			);
			path = GithubFollowersTests;
			sourceTree = "<group>";
		};
		566A36652B3845E000CD9DB1 /* GithubFollowersUITests */ = {
			isa = PBXGroup;
			children = (
				566A36662B3845E000CD9DB1 /* GithubFollowersUITests.swift */,
				566A36682B3845E000CD9DB1 /* GithubFollowersUITestsLaunchTests.swift */,
			);
			path = GithubFollowersUITests;
			sourceTree = "<group>";
		};
		566A36752B38466B00CD9DB1 /* Asset */ = {
			isa = PBXGroup;
			children = (
				566A364E2B3845DF00CD9DB1 /* Assets.xcassets */,
				566A36532B3845DF00CD9DB1 /* Info.plist */,
			);
			name = Asset;
			sourceTree = "<group>";
		};
		566A36762B3846AF00CD9DB1 /* Feature */ = {
			isa = PBXGroup;
			children = (
				566A367B2B3848B000CD9DB1 /* MainTabbar */,
				566A367A2B3848A300CD9DB1 /* Home */,
			);
			name = Feature;
			sourceTree = "<group>";
		};
		566A36772B3846B600CD9DB1 /* Common */ = {
			isa = PBXGroup;
			children = (
			);
			name = Common;
			sourceTree = "<group>";
		};
		566A36782B3846D400CD9DB1 /* Base */ = {
			isa = PBXGroup;
			children = (
				566A36452B3845DE00CD9DB1 /* AppDelegate.swift */,
				566A36472B3845DE00CD9DB1 /* SceneDelegate.swift */,
				566A36502B3845DF00CD9DB1 /* LaunchScreen.storyboard */,
			);
			name = Base;
			sourceTree = "<group>";
		};
		566A367A2B3848A300CD9DB1 /* Home */ = {
			isa = PBXGroup;
			children = (
			);
			name = Home;
			sourceTree = "<group>";
		};
		566A367B2B3848B000CD9DB1 /* MainTabbar */ = {
			isa = PBXGroup;
			children = (
				566A367C2B3848F500CD9DB1 /* MainTabbarVC.swift */,
			);
			name = MainTabbar;
			sourceTree = "<group>";
		};
/* End PBXGroup section */

/* Begin PBXNativeTarget section */
		566A36412B3845DE00CD9DB1 /* GithubFollowers */ = {
			isa = PBXNativeTarget;
			buildConfigurationList = 566A366C2B3845E000CD9DB1 /* Build configuration list for PBXNativeTarget "GithubFollowers" */;
			buildPhases = (
				566A363E2B3845DE00CD9DB1 /* Sources */,
				566A363F2B3845DE00CD9DB1 /* Frameworks */,
				566A36402B3845DE00CD9DB1 /* Resources */,
			);
			buildRules = (
			);
			dependencies = (
			);
			name = GithubFollowers;
			productName = GithubFollowers;
			productReference = 566A36422B3845DE00CD9DB1 /* GithubFollowers.app */;
			productType = "com.apple.product-type.application";
		};
		566A36572B3845E000CD9DB1 /* GithubFollowersTests */ = {
			isa = PBXNativeTarget;
			buildConfigurationList = 566A366F2B3845E000CD9DB1 /* Build configuration list for PBXNativeTarget "GithubFollowersTests" */;
			buildPhases = (
				566A36542B3845E000CD9DB1 /* Sources */,
				566A36552B3845E000CD9DB1 /* Frameworks */,
				566A36562B3845E000CD9DB1 /* Resources */,
			);
			buildRules = (
			);
			dependencies = (
				566A365A2B3845E000CD9DB1 /* PBXTargetDependency */,
			);
			name = GithubFollowersTests;
			productName = GithubFollowersTests;
			productReference = 566A36582B3845E000CD9DB1 /* GithubFollowersTests.xctest */;
			productType = "com.apple.product-type.bundle.unit-test";
		};
		566A36612B3845E000CD9DB1 /* GithubFollowersUITests */ = {
			isa = PBXNativeTarget;
			buildConfigurationList = 566A36722B3845E000CD9DB1 /* Build configuration list for PBXNativeTarget "GithubFollowersUITests" */;
			buildPhases = (
				566A365E2B3845E000CD9DB1 /* Sources */,
				566A365F2B3845E000CD9DB1 /* Frameworks */,
				566A36602B3845E000CD9DB1 /* Resources */,
			);
			buildRules = (
			);
			dependencies = (
				566A36642B3845E000CD9DB1 /* PBXTargetDependency */,
			);
			name = GithubFollowersUITests;
			productName = GithubFollowersUITests;
			productReference = 566A36622B3845E000CD9DB1 /* GithubFollowersUITests.xctest */;
			productType = "com.apple.product-type.bundle.ui-testing";
		};
/* End PBXNativeTarget section */

/* Begin PBXProject section */
		566A363A2B3845DE00CD9DB1 /* Project object */ = {
			isa = PBXProject;
			attributes = {
				BuildIndependentTargetsInParallel = 1;
				LastSwiftUpdateCheck = 1500;
				LastUpgradeCheck = 1500;
				TargetAttributes = {
					566A36412B3845DE00CD9DB1 = {
						CreatedOnToolsVersion = 15.0;
					};
					566A36572B3845E000CD9DB1 = {
						CreatedOnToolsVersion = 15.0;
						TestTargetID = 566A36412B3845DE00CD9DB1;
					};
					566A36612B3845E000CD9DB1 = {
						CreatedOnToolsVersion = 15.0;
						TestTargetID = 566A36412B3845DE00CD9DB1;
					};
				};
			};
			buildConfigurationList = 566A363D2B3845DE00CD9DB1 /* Build configuration list for PBXProject "GithubFollowers" */;
			compatibilityVersion = "Xcode 14.0";
			developmentRegion = en;
			hasScannedForEncodings = 0;
			knownRegions = (
				en,
				Base,
			);
			mainGroup = 566A36392B3845DE00CD9DB1;
			packageReferences = (
				566A36792B3847B200CD9DB1 /* XCRemoteSwiftPackageReference "SnapKit" */,
			);
			productRefGroup = 566A36432B3845DE00CD9DB1 /* Products */;
			projectDirPath = "";
			projectRoot = "";
			targets = (
				566A36412B3845DE00CD9DB1 /* GithubFollowers */,
				566A36572B3845E000CD9DB1 /* GithubFollowersTests */,
				566A36612B3845E000CD9DB1 /* GithubFollowersUITests */,
			);
		};
/* End PBXProject section */

/* Begin PBXResourcesBuildPhase section */
		566A36402B3845DE00CD9DB1 /* Resources */ = {
			isa = PBXResourcesBuildPhase;
			buildActionMask = 2147483647;
			files = (
				566A36522B3845DF00CD9DB1 /* LaunchScreen.storyboard in Resources */,
				566A364F2B3845DF00CD9DB1 /* Assets.xcassets in Resources */,
			);
			runOnlyForDeploymentPostprocessing = 0;
		};
		566A36562B3845E000CD9DB1 /* Resources */ = {
			isa = PBXResourcesBuildPhase;
			buildActionMask = 2147483647;
			files = (
			);
			runOnlyForDeploymentPostprocessing = 0;
		};
		566A36602B3845E000CD9DB1 /* Resources */ = {
			isa = PBXResourcesBuildPhase;
			buildActionMask = 2147483647;
			files = (
			);
			runOnlyForDeploymentPostprocessing = 0;
		};
/* End PBXResourcesBuildPhase section */

/* Begin PBXSourcesBuildPhase section */
		566A363E2B3845DE00CD9DB1 /* Sources */ = {
			isa = PBXSourcesBuildPhase;
			buildActionMask = 2147483647;
			files = (
				566A36462B3845DE00CD9DB1 /* AppDelegate.swift in Sources */,
				566A36482B3845DE00CD9DB1 /* SceneDelegate.swift in Sources */,
				566A367D2B3848F500CD9DB1 /* MainTabbarVC.swift in Sources */,
			);
			runOnlyForDeploymentPostprocessing = 0;
		};
		566A36542B3845E000CD9DB1 /* Sources */ = {
			isa = PBXSourcesBuildPhase;
			buildActionMask = 2147483647;
			files = (
				566A365D2B3845E000CD9DB1 /* GithubFollowersTests.swift in Sources */,
			);
			runOnlyForDeploymentPostprocessing = 0;
		};
		566A365E2B3845E000CD9DB1 /* Sources */ = {
			isa = PBXSourcesBuildPhase;
			buildActionMask = 2147483647;
			files = (
				566A36672B3845E000CD9DB1 /* GithubFollowersUITests.swift in Sources */,
				566A36692B3845E000CD9DB1 /* GithubFollowersUITestsLaunchTests.swift in Sources */,
			);
			runOnlyForDeploymentPostprocessing = 0;
		};
/* End PBXSourcesBuildPhase section */

/* Begin PBXTargetDependency section */
		566A365A2B3845E000CD9DB1 /* PBXTargetDependency */ = {
			isa = PBXTargetDependency;
			target = 566A36412B3845DE00CD9DB1 /* GithubFollowers */;
			targetProxy = 566A36592B3845E000CD9DB1 /* PBXContainerItemProxy */;
		};
		566A36642B3845E000CD9DB1 /* PBXTargetDependency */ = {
			isa = PBXTargetDependency;
			target = 566A36412B3845DE00CD9DB1 /* GithubFollowers */;
			targetProxy = 566A36632B3845E000CD9DB1 /* PBXContainerItemProxy */;
		};
/* End PBXTargetDependency section */

/* Begin PBXVariantGroup section */
		566A36502B3845DF00CD9DB1 /* LaunchScreen.storyboard */ = {
			isa = PBXVariantGroup;
			children = (
				566A36512B3845DF00CD9DB1 /* Base */,
			);
			name = LaunchScreen.storyboard;
			sourceTree = "<group>";
		};
/* End PBXVariantGroup section */

/* Begin XCBuildConfiguration section */
		566A366A2B3845E000CD9DB1 /* Debug */ = {
			isa = XCBuildConfiguration;
			buildSettings = {
				ALWAYS_SEARCH_USER_PATHS = NO;
				ASSETCATALOG_COMPILER_GENERATE_SWIFT_ASSET_SYMBOL_EXTENSIONS = YES;
				CLANG_ANALYZER_NONNULL = YES;
				CLANG_ANALYZER_NUMBER_OBJECT_CONVERSION = YES_AGGRESSIVE;
				CLANG_CXX_LANGUAGE_STANDARD = "gnu++20";
				CLANG_ENABLE_MODULES = YES;
				CLANG_ENABLE_OBJC_ARC = YES;
				CLANG_ENABLE_OBJC_WEAK = YES;
				CLANG_WARN_BLOCK_CAPTURE_AUTORELEASING = YES;
				CLANG_WARN_BOOL_CONVERSION = YES;
				CLANG_WARN_COMMA = YES;
				CLANG_WARN_CONSTANT_CONVERSION = YES;
				CLANG_WARN_DEPRECATED_OBJC_IMPLEMENTATIONS = YES;
				CLANG_WARN_DIRECT_OBJC_ISA_USAGE = YES_ERROR;
				CLANG_WARN_DOCUMENTATION_COMMENTS = YES;
				CLANG_WARN_EMPTY_BODY = YES;
				CLANG_WARN_ENUM_CONVERSION = YES;
				CLANG_WARN_INFINITE_RECURSION = YES;
				CLANG_WARN_INT_CONVERSION = YES;
				CLANG_WARN_NON_LITERAL_NULL_CONVERSION = YES;
				CLANG_WARN_OBJC_IMPLICIT_RETAIN_SELF = YES;
				CLANG_WARN_OBJC_LITERAL_CONVERSION = YES;
				CLANG_WARN_OBJC_ROOT_CLASS = YES_ERROR;
				CLANG_WARN_QUOTED_INCLUDE_IN_FRAMEWORK_HEADER = YES;
				CLANG_WARN_RANGE_LOOP_ANALYSIS = YES;
				CLANG_WARN_STRICT_PROTOTYPES = YES;
				CLANG_WARN_SUSPICIOUS_MOVE = YES;
				CLANG_WARN_UNGUARDED_AVAILABILITY = YES_AGGRESSIVE;
				CLANG_WARN_UNREACHABLE_CODE = YES;
				CLANG_WARN__DUPLICATE_METHOD_MATCH = YES;
				COPY_PHASE_STRIP = NO;
				DEBUG_INFORMATION_FORMAT = dwarf;
				ENABLE_STRICT_OBJC_MSGSEND = YES;
				ENABLE_TESTABILITY = YES;
				ENABLE_USER_SCRIPT_SANDBOXING = YES;
				GCC_C_LANGUAGE_STANDARD = gnu17;
				GCC_DYNAMIC_NO_PIC = NO;
				GCC_NO_COMMON_BLOCKS = YES;
				GCC_OPTIMIZATION_LEVEL = 0;
				GCC_PREPROCESSOR_DEFINITIONS = (
					"DEBUG=1",
					"$(inherited)",
				);
				GCC_WARN_64_TO_32_BIT_CONVERSION = YES;
				GCC_WARN_ABOUT_RETURN_TYPE = YES_ERROR;
				GCC_WARN_UNDECLARED_SELECTOR = YES;
				GCC_WARN_UNINITIALIZED_AUTOS = YES_AGGRESSIVE;
				GCC_WARN_UNUSED_FUNCTION = YES;
				GCC_WARN_UNUSED_VARIABLE = YES;
				IPHONEOS_DEPLOYMENT_TARGET = 17.0;
				LOCALIZATION_PREFERS_STRING_CATALOGS = YES;
				MTL_ENABLE_DEBUG_INFO = INCLUDE_SOURCE;
				MTL_FAST_MATH = YES;
				ONLY_ACTIVE_ARCH = YES;
				SDKROOT = iphoneos;
				SWIFT_ACTIVE_COMPILATION_CONDITIONS = "DEBUG $(inherited)";
				SWIFT_OPTIMIZATION_LEVEL = "-Onone";
			};
			name = Debug;
		};
		566A366B2B3845E000CD9DB1 /* Release */ = {
			isa = XCBuildConfiguration;
			buildSettings = {
				ALWAYS_SEARCH_USER_PATHS = NO;
				ASSETCATALOG_COMPILER_GENERATE_SWIFT_ASSET_SYMBOL_EXTENSIONS = YES;
				CLANG_ANALYZER_NONNULL = YES;
				CLANG_ANALYZER_NUMBER_OBJECT_CONVERSION = YES_AGGRESSIVE;
				CLANG_CXX_LANGUAGE_STANDARD = "gnu++20";
				CLANG_ENABLE_MODULES = YES;
				CLANG_ENABLE_OBJC_ARC = YES;
				CLANG_ENABLE_OBJC_WEAK = YES;
				CLANG_WARN_BLOCK_CAPTURE_AUTORELEASING = YES;
				CLANG_WARN_BOOL_CONVERSION = YES;
				CLANG_WARN_COMMA = YES;
				CLANG_WARN_CONSTANT_CONVERSION = YES;
				CLANG_WARN_DEPRECATED_OBJC_IMPLEMENTATIONS = YES;
				CLANG_WARN_DIRECT_OBJC_ISA_USAGE = YES_ERROR;
				CLANG_WARN_DOCUMENTATION_COMMENTS = YES;
				CLANG_WARN_EMPTY_BODY = YES;
				CLANG_WARN_ENUM_CONVERSION = YES;
				CLANG_WARN_INFINITE_RECURSION = YES;
				CLANG_WARN_INT_CONVERSION = YES;
				CLANG_WARN_NON_LITERAL_NULL_CONVERSION = YES;
				CLANG_WARN_OBJC_IMPLICIT_RETAIN_SELF = YES;
				CLANG_WARN_OBJC_LITERAL_CONVERSION = YES;
				CLANG_WARN_OBJC_ROOT_CLASS = YES_ERROR;
				CLANG_WARN_QUOTED_INCLUDE_IN_FRAMEWORK_HEADER = YES;
				CLANG_WARN_RANGE_LOOP_ANALYSIS = YES;
				CLANG_WARN_STRICT_PROTOTYPES = YES;
				CLANG_WARN_SUSPICIOUS_MOVE = YES;
				CLANG_WARN_UNGUARDED_AVAILABILITY = YES_AGGRESSIVE;
				CLANG_WARN_UNREACHABLE_CODE = YES;
				CLANG_WARN__DUPLICATE_METHOD_MATCH = YES;
				COPY_PHASE_STRIP = NO;
				DEBUG_INFORMATION_FORMAT = "dwarf-with-dsym";
				ENABLE_NS_ASSERTIONS = NO;
				ENABLE_STRICT_OBJC_MSGSEND = YES;
				ENABLE_USER_SCRIPT_SANDBOXING = YES;
				GCC_C_LANGUAGE_STANDARD = gnu17;
				GCC_NO_COMMON_BLOCKS = YES;
				GCC_WARN_64_TO_32_BIT_CONVERSION = YES;
				GCC_WARN_ABOUT_RETURN_TYPE = YES_ERROR;
				GCC_WARN_UNDECLARED_SELECTOR = YES;
				GCC_WARN_UNINITIALIZED_AUTOS = YES_AGGRESSIVE;
				GCC_WARN_UNUSED_FUNCTION = YES;
				GCC_WARN_UNUSED_VARIABLE = YES;
				IPHONEOS_DEPLOYMENT_TARGET = 17.0;
				LOCALIZATION_PREFERS_STRING_CATALOGS = YES;
				MTL_ENABLE_DEBUG_INFO = NO;
				MTL_FAST_MATH = YES;
				SDKROOT = iphoneos;
				SWIFT_COMPILATION_MODE = wholemodule;
				VALIDATE_PRODUCT = YES;
			};
			name = Release;
		};
		566A366D2B3845E000CD9DB1 /* Debug */ = {
			isa = XCBuildConfiguration;
			buildSettings = {
				ASSETCATALOG_COMPILER_APPICON_NAME = AppIcon;
				ASSETCATALOG_COMPILER_GLOBAL_ACCENT_COLOR_NAME = AccentColor;
				CODE_SIGN_STYLE = Automatic;
				CURRENT_PROJECT_VERSION = 1;
				DEVELOPMENT_TEAM = SJ9HXADZ9T;
				GENERATE_INFOPLIST_FILE = YES;
				INFOPLIST_FILE = GithubFollowers/Info.plist;
				INFOPLIST_KEY_UIApplicationSupportsIndirectInputEvents = YES;
				INFOPLIST_KEY_UILaunchStoryboardName = LaunchScreen;
				INFOPLIST_KEY_UISupportedInterfaceOrientations = UIInterfaceOrientationPortrait;
				INFOPLIST_KEY_UISupportedInterfaceOrientations_iPad = "UIInterfaceOrientationLandscapeLeft UIInterfaceOrientationLandscapeRight UIInterfaceOrientationPortrait UIInterfaceOrientationPortraitUpsideDown";
				IPHONEOS_DEPLOYMENT_TARGET = 15.0;
				LD_RUNPATH_SEARCH_PATHS = (
					"$(inherited)",
					"@executable_path/Frameworks",
				);
				MARKETING_VERSION = 1.0;
				PRODUCT_BUNDLE_IDENTIFIER = mehmetali.GithubFollowers;
				PRODUCT_NAME = "$(TARGET_NAME)";
				SUPPORTED_PLATFORMS = "iphoneos iphonesimulator";
				SUPPORTS_MACCATALYST = NO;
				SUPPORTS_MAC_DESIGNED_FOR_IPHONE_IPAD = NO;
				SWIFT_EMIT_LOC_STRINGS = YES;
				SWIFT_VERSION = 5.0;
				TARGETED_DEVICE_FAMILY = 1;
			};
			name = Debug;
		};
		566A366E2B3845E000CD9DB1 /* Release */ = {
			isa = XCBuildConfiguration;
			buildSettings = {
				ASSETCATALOG_COMPILER_APPICON_NAME = AppIcon;
				ASSETCATALOG_COMPILER_GLOBAL_ACCENT_COLOR_NAME = AccentColor;
				CODE_SIGN_STYLE = Automatic;
				CURRENT_PROJECT_VERSION = 1;
				DEVELOPMENT_TEAM = SJ9HXADZ9T;
				GENERATE_INFOPLIST_FILE = YES;
				INFOPLIST_FILE = GithubFollowers/Info.plist;
				INFOPLIST_KEY_UIApplicationSupportsIndirectInputEvents = YES;
				INFOPLIST_KEY_UILaunchStoryboardName = LaunchScreen;
				INFOPLIST_KEY_UISupportedInterfaceOrientations = UIInterfaceOrientationPortrait;
				INFOPLIST_KEY_UISupportedInterfaceOrientations_iPad = "UIInterfaceOrientationLandscapeLeft UIInterfaceOrientationLandscapeRight UIInterfaceOrientationPortrait UIInterfaceOrientationPortraitUpsideDown";
				IPHONEOS_DEPLOYMENT_TARGET = 15.0;
				LD_RUNPATH_SEARCH_PATHS = (
					"$(inherited)",
					"@executable_path/Frameworks",
				);
				MARKETING_VERSION = 1.0;
				PRODUCT_BUNDLE_IDENTIFIER = mehmetali.GithubFollowers;
				PRODUCT_NAME = "$(TARGET_NAME)";
				SUPPORTED_PLATFORMS = "iphoneos iphonesimulator";
				SUPPORTS_MACCATALYST = NO;
				SUPPORTS_MAC_DESIGNED_FOR_IPHONE_IPAD = NO;
				SWIFT_EMIT_LOC_STRINGS = YES;
				SWIFT_VERSION = 5.0;
				TARGETED_DEVICE_FAMILY = 1;
			};
			name = Release;
		};
		566A36702B3845E000CD9DB1 /* Debug */ = {
			isa = XCBuildConfiguration;
			buildSettings = {
				ALWAYS_EMBED_SWIFT_STANDARD_LIBRARIES = YES;
				BUNDLE_LOADER = "$(TEST_HOST)";
				CODE_SIGN_STYLE = Automatic;
				CURRENT_PROJECT_VERSION = 1;
				DEVELOPMENT_TEAM = SJ9HXADZ9T;
				GENERATE_INFOPLIST_FILE = YES;
				IPHONEOS_DEPLOYMENT_TARGET = 17.0;
				MARKETING_VERSION = 1.0;
				PRODUCT_BUNDLE_IDENTIFIER = mehmetali.GithubFollowersTests;
				PRODUCT_NAME = "$(TARGET_NAME)";
				SWIFT_EMIT_LOC_STRINGS = NO;
				SWIFT_VERSION = 5.0;
				TARGETED_DEVICE_FAMILY = "1,2";
				TEST_HOST = "$(BUILT_PRODUCTS_DIR)/GithubFollowers.app/$(BUNDLE_EXECUTABLE_FOLDER_PATH)/GithubFollowers";
			};
			name = Debug;
		};
		566A36712B3845E000CD9DB1 /* Release */ = {
			isa = XCBuildConfiguration;
			buildSettings = {
				ALWAYS_EMBED_SWIFT_STANDARD_LIBRARIES = YES;
				BUNDLE_LOADER = "$(TEST_HOST)";
				CODE_SIGN_STYLE = Automatic;
				CURRENT_PROJECT_VERSION = 1;
				DEVELOPMENT_TEAM = SJ9HXADZ9T;
				GENERATE_INFOPLIST_FILE = YES;
				IPHONEOS_DEPLOYMENT_TARGET = 17.0;
				MARKETING_VERSION = 1.0;
				PRODUCT_BUNDLE_IDENTIFIER = mehmetali.GithubFollowersTests;
				PRODUCT_NAME = "$(TARGET_NAME)";
				SWIFT_EMIT_LOC_STRINGS = NO;
				SWIFT_VERSION = 5.0;
				TARGETED_DEVICE_FAMILY = "1,2";
				TEST_HOST = "$(BUILT_PRODUCTS_DIR)/GithubFollowers.app/$(BUNDLE_EXECUTABLE_FOLDER_PATH)/GithubFollowers";
			};
			name = Release;
		};
		566A36732B3845E000CD9DB1 /* Debug */ = {
			isa = XCBuildConfiguration;
			buildSettings = {
				ALWAYS_EMBED_SWIFT_STANDARD_LIBRARIES = YES;
				CODE_SIGN_STYLE = Automatic;
				CURRENT_PROJECT_VERSION = 1;
				DEVELOPMENT_TEAM = SJ9HXADZ9T;
				GENERATE_INFOPLIST_FILE = YES;
				MARKETING_VERSION = 1.0;
				PRODUCT_BUNDLE_IDENTIFIER = mehmetali.GithubFollowersUITests;
				PRODUCT_NAME = "$(TARGET_NAME)";
				SWIFT_EMIT_LOC_STRINGS = NO;
				SWIFT_VERSION = 5.0;
				TARGETED_DEVICE_FAMILY = "1,2";
				TEST_TARGET_NAME = GithubFollowers;
			};
			name = Debug;
		};
		566A36742B3845E000CD9DB1 /* Release */ = {
			isa = XCBuildConfiguration;
			buildSettings = {
				ALWAYS_EMBED_SWIFT_STANDARD_LIBRARIES = YES;
				CODE_SIGN_STYLE = Automatic;
				CURRENT_PROJECT_VERSION = 1;
				DEVELOPMENT_TEAM = SJ9HXADZ9T;
				GENERATE_INFOPLIST_FILE = YES;
				MARKETING_VERSION = 1.0;
				PRODUCT_BUNDLE_IDENTIFIER = mehmetali.GithubFollowersUITests;
				PRODUCT_NAME = "$(TARGET_NAME)";
				SWIFT_EMIT_LOC_STRINGS = NO;
				SWIFT_VERSION = 5.0;
				TARGETED_DEVICE_FAMILY = "1,2";
				TEST_TARGET_NAME = GithubFollowers;
			};
			name = Release;
		};
/* End XCBuildConfiguration section */

/* Begin XCConfigurationList section */
		566A363D2B3845DE00CD9DB1 /* Build configuration list for PBXProject "GithubFollowers" */ = {
			isa = XCConfigurationList;
			buildConfigurations = (
				566A366A2B3845E000CD9DB1 /* Debug */,
				566A366B2B3845E000CD9DB1 /* Release */,
			);
			defaultConfigurationIsVisible = 0;
			defaultConfigurationName = Release;
		};
		566A366C2B3845E000CD9DB1 /* Build configuration list for PBXNativeTarget "GithubFollowers" */ = {
			isa = XCConfigurationList;
			buildConfigurations = (
				566A366D2B3845E000CD9DB1 /* Debug */,
				566A366E2B3845E000CD9DB1 /* Release */,
			);
			defaultConfigurationIsVisible = 0;
			defaultConfigurationName = Release;
		};
		566A366F2B3845E000CD9DB1 /* Build configuration list for PBXNativeTarget "GithubFollowersTests" */ = {
			isa = XCConfigurationList;
			buildConfigurations = (
				566A36702B3845E000CD9DB1 /* Debug */,
				566A36712B3845E000CD9DB1 /* Release */,
			);
			defaultConfigurationIsVisible = 0;
			defaultConfigurationName = Release;
		};
		566A36722B3845E000CD9DB1 /* Build configuration list for PBXNativeTarget "GithubFollowersUITests" */ = {
			isa = XCConfigurationList;
			buildConfigurations = (
				566A36732B3845E000CD9DB1 /* Debug */,
				566A36742B3845E000CD9DB1 /* Release */,
			);
			defaultConfigurationIsVisible = 0;
			defaultConfigurationName = Release;
		};
/* End XCConfigurationList section */

/* Begin XCRemoteSwiftPackageReference section */
		566A36792B3847B200CD9DB1 /* XCRemoteSwiftPackageReference "SnapKit" */ = {
			isa = XCRemoteSwiftPackageReference;
			repositoryURL = "https://github.com/SnapKit/SnapKit";
			requirement = {
				kind = upToNextMajorVersion;
				minimumVersion = 5.6.0;
			};
		};
/* End XCRemoteSwiftPackageReference section */
	};
	rootObject = 566A363A2B3845DE00CD9DB1 /* Project object */;
}
